
Microsoft Visual Studio Solution File, Format Version 12.00
# Visual Studio 15
VisualStudioVersion = 15.0.26430.6
MinimumVisualStudioVersion = 10.0.40219.1
Project("{9A19103F-16F7-4668-BE54-9A1E7A4F7556}") = "NBrightXmlDBcmd", "..\NBrightXmlDBcmd\NBrightXmlDBcmd.csproj", "{5F16E010-4390-475A-8221-EE9E4B758D20}"
EndProject
Project("{9A19103F-16F7-4668-BE54-9A1E7A4F7556}") = "GenXmlDB", "GenXmlDB.csproj", "{C2C8610A-4549-43FE-9C3E-47EBE8B5845F}"
EndProject
Project("{9A19103F-16F7-4668-BE54-9A1E7A4F7556}") = "GenXmlDBreezeProvider", "..\NBrightDBreezeProvider\GenXmlDBreezeProvider.csproj", "{8A6A6ACB-FFCC-4F6E-AE72-BD2CC7487683}"
EndProject
Project("{FAE04EC0-301F-11D3-BF4B-00C04F79EFBC}") = "GenXmlSQLprovider", "..\GenXmlSQLprovider\GenXmlSQLprovider.csproj", "{CF5B497D-AFB3-4836-80EA-429FEC8A22B2}"
EndProject
Global
	GlobalSection(SolutionConfigurationPlatforms) = preSolution
		Debug|Any CPU = Debug|Any CPU
		Release|Any CPU = Release|Any CPU
	EndGlobalSection
	GlobalSection(ProjectConfigurationPlatforms) = postSolution
		{5F16E010-4390-475A-8221-EE9E4B758D20}.Debug|Any CPU.ActiveCfg = Debug|Any CPU
		{5F16E010-4390-475A-8221-EE9E4B758D20}.Debug|Any CPU.Build.0 = Debug|Any CPU
		{5F16E010-4390-475A-8221-EE9E4B758D20}.Release|Any CPU.ActiveCfg = Release|Any CPU
		{5F16E010-4390-475A-8221-EE9E4B758D20}.Release|Any CPU.Build.0 = Release|Any CPU
		{C2C8610A-4549-43FE-9C3E-47EBE8B5845F}.Debug|Any CPU.ActiveCfg = Debug|Any CPU
		{C2C8610A-4549-43FE-9C3E-47EBE8B5845F}.Debug|Any CPU.Build.0 = Debug|Any CPU
		{C2C8610A-4549-43FE-9C3E-47EBE8B5845F}.Release|Any CPU.ActiveCfg = Release|Any CPU
		{C2C8610A-4549-43FE-9C3E-47EBE8B5845F}.Release|Any CPU.Build.0 = Release|Any CPU
		{8A6A6ACB-FFCC-4F6E-AE72-BD2CC7487683}.Debug|Any CPU.ActiveCfg = Debug|Any CPU
		{8A6A6ACB-FFCC-4F6E-AE72-BD2CC7487683}.Debug|Any CPU.Build.0 = Debug|Any CPU
		{8A6A6ACB-FFCC-4F6E-AE72-BD2CC7487683}.Release|Any CPU.ActiveCfg = Release|Any CPU
		{8A6A6ACB-FFCC-4F6E-AE72-BD2CC7487683}.Release|Any CPU.Build.0 = Release|Any CPU
		{CF5B497D-AFB3-4836-80EA-429FEC8A22B2}.Debug|Any CPU.ActiveCfg = Debug|Any CPU
		{CF5B497D-AFB3-4836-80EA-429FEC8A22B2}.Debug|Any CPU.Build.0 = Debug|Any CPU
		{CF5B497D-AFB3-4836-80EA-429FEC8A22B2}.Release|Any CPU.ActiveCfg = Release|Any CPU
		{CF5B497D-AFB3-4836-80EA-429FEC8A22B2}.Release|Any CPU.Build.0 = Release|Any CPU
	EndGlobalSection
	GlobalSection(SolutionProperties) = preSolution
		HideSolutionNode = FALSE
	EndGlobalSection
EndGlobal
